{
	"requires": true,
	"lockfileVersion": 1,
	"dependencies": {
		"sonar-scanner": {
			"version": "3.1.0",
			"resolved": "https://registry.npmjs.org/sonar-scanner/-/sonar-scanner-3.1.0.tgz",
			"integrity": "sha1-UcHBEB9UuYq8XYVlIJsdkjKXk0M="
		},
		"vnu-jar": {
			"version": "20.6.30",
			"resolved": "https://registry.npmjs.org/vnu-jar/-/vnu-jar-20.6.30.tgz",
			"integrity": "sha512-zlNNe7jW6cTIrxVlZK9AcZiNWjxzjqi7LpTafBCi4OY4bsh2uyGhxXT2l6hZ3ibpxP0ZC/pQsBpFQEACS0ePIg=="
		}
	}
}
